
Microsoft Visual Studio Solution File, Format Version 12.00
# Visual Studio Version 16
VisualStudioVersion = 16.0.30717.126
MinimumVisualStudioVersion = 10.0.40219.1
Project("{FAE04EC0-301F-11D3-BF4B-00C04F79EFBC}") = "Ozyineleme_ornek", "Ozyineleme_ornek\Ozyineleme_ornek.csproj", "{CF345FFE-E2B4-43A9-8542-DA053BCA47C0}"
EndProject
Global
	GlobalSection(SolutionConfigurationPlatforms) = preSolution
		Debug|Any CPU = Debug|Any CPU
		Release|Any CPU = Release|Any CPU
	EndGlobalSection
	GlobalSection(ProjectConfigurationPlatforms) = postSolution
		{CF345FFE-E2B4-43A9-8542-DA053BCA47C0}.Debug|Any CPU.ActiveCfg = Debug|Any CPU
		{CF345FFE-E2B4-43A9-8542-DA053BCA47C0}.Debug|Any CPU.Build.0 = Debug|Any CPU
		{CF345FFE-E2B4-43A9-8542-DA053BCA47C0}.Release|Any CPU.ActiveCfg = Release|Any CPU
		{CF345FFE-E2B4-43A9-8542-DA053BCA47C0}.Release|Any CPU.Build.0 = Release|Any CPU
	EndGlobalSection
	GlobalSection(SolutionProperties) = preSolution
		HideSolutionNode = FALSE
	EndGlobalSection
	GlobalSection(ExtensibilityGlobals) = postSolution
		SolutionGuid = {D8508AB2-0FB3-44CC-AF6F-6A3DC54FCBE1}
	EndGlobalSection
EndGlobal
